
Microsoft Visual Studio Solution File, Format Version 12.00
# Visual Studio Version 17
VisualStudioVersion = 17.4.33205.214
MinimumVisualStudioVersion = 10.0.40219.1
Project("{FAE04EC0-301F-11D3-BF4B-00C04F79EFBC}") = "WeatherForcastDemo", "WeatherForcastDemo\WeatherForcastDemo.csproj", "{AA5604E3-B7FF-4EC8-91DA-98AAFA9A7F02}"
EndProject
Global
	GlobalSection(SolutionConfigurationPlatforms) = preSolution
		Debug|Any CPU = Debug|Any CPU
		Release|Any CPU = Release|Any CPU
	EndGlobalSection
	GlobalSection(ProjectConfigurationPlatforms) = postSolution
		{AA5604E3-B7FF-4EC8-91DA-98AAFA9A7F02}.Debug|Any CPU.ActiveCfg = Debug|Any CPU
		{AA5604E3-B7FF-4EC8-91DA-98AAFA9A7F02}.Debug|Any CPU.Build.0 = Debug|Any CPU
		{AA5604E3-B7FF-4EC8-91DA-98AAFA9A7F02}.Release|Any CPU.ActiveCfg = Release|Any CPU
		{AA5604E3-B7FF-4EC8-91DA-98AAFA9A7F02}.Release|Any CPU.Build.0 = Release|Any CPU
	EndGlobalSection
	GlobalSection(SolutionProperties) = preSolution
		HideSolutionNode = FALSE
	EndGlobalSection
	GlobalSection(ExtensibilityGlobals) = postSolution
		SolutionGuid = {B4BDC7AD-D3B3-4138-AAFA-9E90B9711A28}
	EndGlobalSection
EndGlobal
